
Microsoft Visual Studio Solution File, Format Version 12.00
# Visual Studio Version 16
VisualStudioVersion = 16.0.30204.135
MinimumVisualStudioVersion = 10.0.40219.1
Project("{FAE04EC0-301F-11D3-BF4B-00C04F79EFBC}") = "SelektIBaza.Server", "SelektIBaza\Server\SelektIBaza.Server.csproj", "{3D39A363-DBAD-49BF-8F1E-CF07194AAB8C}"
EndProject
Project("{FAE04EC0-301F-11D3-BF4B-00C04F79EFBC}") = "SelektIBaza.Client", "SelektIBaza\Client\SelektIBaza.Client.csproj", "{91C201BA-A0E8-4B9D-B206-547B6BECDDA9}"
EndProject
Project("{FAE04EC0-301F-11D3-BF4B-00C04F79EFBC}") = "SelektIBaza.Shared", "SelektIBaza\Shared\SelektIBaza.Shared.csproj", "{8559E4EB-36C7-4A4E-9145-79DEB7C52263}"
EndProject
Global
	GlobalSection(SolutionConfigurationPlatforms) = preSolution
		Debug|Any CPU = Debug|Any CPU
		Release|Any CPU = Release|Any CPU
	EndGlobalSection
	GlobalSection(ProjectConfigurationPlatforms) = postSolution
		{3D39A363-DBAD-49BF-8F1E-CF07194AAB8C}.Debug|Any CPU.ActiveCfg = Debug|Any CPU
		{3D39A363-DBAD-49BF-8F1E-CF07194AAB8C}.Debug|Any CPU.Build.0 = Debug|Any CPU
		{3D39A363-DBAD-49BF-8F1E-CF07194AAB8C}.Release|Any CPU.ActiveCfg = Release|Any CPU
		{3D39A363-DBAD-49BF-8F1E-CF07194AAB8C}.Release|Any CPU.Build.0 = Release|Any CPU
		{91C201BA-A0E8-4B9D-B206-547B6BECDDA9}.Debug|Any CPU.ActiveCfg = Debug|Any CPU
		{91C201BA-A0E8-4B9D-B206-547B6BECDDA9}.Debug|Any CPU.Build.0 = Debug|Any CPU
		{91C201BA-A0E8-4B9D-B206-547B6BECDDA9}.Release|Any CPU.ActiveCfg = Release|Any CPU
		{91C201BA-A0E8-4B9D-B206-547B6BECDDA9}.Release|Any CPU.Build.0 = Release|Any CPU
		{8559E4EB-36C7-4A4E-9145-79DEB7C52263}.Debug|Any CPU.ActiveCfg = Debug|Any CPU
		{8559E4EB-36C7-4A4E-9145-79DEB7C52263}.Debug|Any CPU.Build.0 = Debug|Any CPU
		{8559E4EB-36C7-4A4E-9145-79DEB7C52263}.Release|Any CPU.ActiveCfg = Release|Any CPU
		{8559E4EB-36C7-4A4E-9145-79DEB7C52263}.Release|Any CPU.Build.0 = Release|Any CPU
	EndGlobalSection
	GlobalSection(SolutionProperties) = preSolution
		HideSolutionNode = FALSE
	EndGlobalSection
	GlobalSection(ExtensibilityGlobals) = postSolution
		SolutionGuid = {A689E255-FFCB-4B31-B03D-D5FD576F239D}
	EndGlobalSection
EndGlobal
